
Microsoft Visual Studio Solution File, Format Version 12.00
# Visual Studio 2017
Project("{FAE04EC0-301F-11D3-BF4B-00C04F79EFBC}") = "PhotonTorpedoExample", "PhotonTorpedoExample.csproj", "{8D17D362-5989-03AC-6F01-45FFDFCA157F}"
EndProject
Global
	GlobalSection(SolutionConfigurationPlatforms) = preSolution
		Debug|Any CPU = Debug|Any CPU
		Release|Any CPU = Release|Any CPU
	EndGlobalSection
	GlobalSection(ProjectConfigurationPlatforms) = postSolution
		{8D17D362-5989-03AC-6F01-45FFDFCA157F}.Debug|Any CPU.ActiveCfg = Debug|Any CPU
		{8D17D362-5989-03AC-6F01-45FFDFCA157F}.Debug|Any CPU.Build.0 = Debug|Any CPU
		{8D17D362-5989-03AC-6F01-45FFDFCA157F}.Release|Any CPU.ActiveCfg = Release|Any CPU
		{8D17D362-5989-03AC-6F01-45FFDFCA157F}.Release|Any CPU.Build.0 = Release|Any CPU
	EndGlobalSection
	GlobalSection(SolutionProperties) = preSolution
		HideSolutionNode = FALSE
	EndGlobalSection
EndGlobal
